// !$*UTF8*$!
{
	archiveVersion = 1;
	classes = {
	};
	objectVersion = 50;
	objects = {

/* Begin PBXBuildFile section */
		6637CF0D26F16C3000440044 /* AppDelegate.swift in Sources */ = {isa = PBXBuildFile; fileRef = 6637CF0C26F16C3000440044 /* AppDelegate.swift */; };
		6637CF0F26F16C3000440044 /* SceneDelegate.swift in Sources */ = {isa = PBXBuildFile; fileRef = 6637CF0E26F16C3000440044 /* SceneDelegate.swift */; };
		6637CF1126F16C3000440044 /* ViewController.swift in Sources */ = {isa = PBXBuildFile; fileRef = 6637CF1026F16C3000440044 /* ViewController.swift */; };
		6637CF1426F16C3000440044 /* Main.storyboard in Resources */ = {isa = PBXBuildFile; fileRef = 6637CF1226F16C3000440044 /* Main.storyboard */; };
		6637CF1626F16C3200440044 /* Assets.xcassets in Resources */ = {isa = PBXBuildFile; fileRef = 6637CF1526F16C3200440044 /* Assets.xcassets */; };
		6637CF1926F16C3200440044 /* LaunchScreen.storyboard in Resources */ = {isa = PBXBuildFile; fileRef = 6637CF1726F16C3200440044 /* LaunchScreen.storyboard */; };
		6637CF2426F16C3200440044 /* PhotoFrameTests.swift in Sources */ = {isa = PBXBuildFile; fileRef = 6637CF2326F16C3200440044 /* PhotoFrameTests.swift */; };
		6637CF2F26F16C3200440044 /* PhotoFrameUITests.swift in Sources */ = {isa = PBXBuildFile; fileRef = 6637CF2E26F16C3200440044 /* PhotoFrameUITests.swift */; };
/* End PBXBuildFile section */

/* Begin PBXContainerItemProxy section */
		6637CF2026F16C3200440044 /* PBXContainerItemProxy */ = {
			isa = PBXContainerItemProxy;
			containerPortal = 6637CF0126F16C3000440044 /* Project object */;
			proxyType = 1;
			remoteGlobalIDString = 6637CF0826F16C3000440044;
			remoteInfo = PhotoFrame;
		};
		6637CF2B26F16C3200440044 /* PBXContainerItemProxy */ = {
			isa = PBXContainerItemProxy;
			containerPortal = 6637CF0126F16C3000440044 /* Project object */;
			proxyType = 1;
			remoteGlobalIDString = 6637CF0826F16C3000440044;
			remoteInfo = PhotoFrame;
		};
/* End PBXContainerItemProxy section */

/* Begin PBXFileReference section */
		6637CF0926F16C3000440044 /* PhotoFrame.app */ = {isa = PBXFileReference; explicitFileType = wrapper.application; includeInIndex = 0; path = PhotoFrame.app; sourceTree = BUILT_PRODUCTS_DIR; };
		6637CF0C26F16C3000440044 /* AppDelegate.swift */ = {isa = PBXFileReference; lastKnownFileType = sourcecode.swift; path = AppDelegate.swift; sourceTree = "<group>"; };
		6637CF0E26F16C3000440044 /* SceneDelegate.swift */ = {isa = PBXFileReference; lastKnownFileType = sourcecode.swift; path = SceneDelegate.swift; sourceTree = "<group>"; };
		6637CF1026F16C3000440044 /* ViewController.swift */ = {isa = PBXFileReference; lastKnownFileType = sourcecode.swift; path = ViewController.swift; sourceTree = "<group>"; };
		6637CF1326F16C3000440044 /* Base */ = {isa = PBXFileReference; lastKnownFileType = file.storyboard; name = Base; path = Base.lproj/Main.storyboard; sourceTree = "<group>"; };
		6637CF1526F16C3200440044 /* Assets.xcassets */ = {isa = PBXFileReference; lastKnownFileType = folder.assetcatalog; path = Assets.xcassets; sourceTree = "<group>"; };
		6637CF1826F16C3200440044 /* Base */ = {isa = PBXFileReference; lastKnownFileType = file.storyboard; name = Base; path = Base.lproj/LaunchScreen.storyboard; sourceTree = "<group>"; };
		6637CF1A26F16C3200440044 /* Info.plist */ = {isa = PBXFileReference; lastKnownFileType = text.plist.xml; path = Info.plist; sourceTree = "<group>"; };
		6637CF1F26F16C3200440044 /* PhotoFrameTests.xctest */ = {isa = PBXFileReference; explicitFileType = wrapper.cfbundle; includeInIndex = 0; path = PhotoFrameTests.xctest; sourceTree = BUILT_PRODUCTS_DIR; };
		6637CF2326F16C3200440044 /* PhotoFrameTests.swift */ = {isa = PBXFileReference; lastKnownFileType = sourcecode.swift; path = PhotoFrameTests.swift; sourceTree = "<group>"; };
		6637CF2526F16C3200440044 /* Info.plist */ = {isa = PBXFileReference; lastKnownFileType = text.plist.xml; path = Info.plist; sourceTree = "<group>"; };
		6637CF2A26F16C3200440044 /* PhotoFrameUITests.xctest */ = {isa = PBXFileReference; explicitFileType = wrapper.cfbundle; includeInIndex = 0; path = PhotoFrameUITests.xctest; sourceTree = BUILT_PRODUCTS_DIR; };
		6637CF2E26F16C3200440044 /* PhotoFrameUITests.swift */ = {isa = PBXFileReference; lastKnownFileType = sourcecode.swift; path = PhotoFrameUITests.swift; sourceTree = "<group>"; };
		6637CF3026F16C3200440044 /* Info.plist */ = {isa = PBXFileReference; lastKnownFileType = text.plist.xml; path = Info.plist; sourceTree = "<group>"; };
/* End PBXFileReference section */

/* Begin PBXFrameworksBuildPhase section */
		6637CF0626F16C3000440044 /* Frameworks */ = {
			isa = PBXFrameworksBuildPhase;
			buildActionMask = 2147483647;
			files = (
			);
			runOnlyForDeploymentPostprocessing = 0;
		};
		6637CF1C26F16C3200440044 /* Frameworks */ = {
			isa = PBXFrameworksBuildPhase;
			buildActionMask = 2147483647;
			files = (
			);
			runOnlyForDeploymentPostprocessing = 0;
		};
		6637CF2726F16C3200440044 /* Frameworks */ = {
			isa = PBXFrameworksBuildPhase;
			buildActionMask = 2147483647;
			files = (
			);
			runOnlyForDeploymentPostprocessing = 0;
		};
/* End PBXFrameworksBuildPhase section */

/* Begin PBXGroup section */
		6637CF0026F16C3000440044 = {
			isa = PBXGroup;
			children = (
				6637CF0B26F16C3000440044 /* PhotoFrame */,
				6637CF2226F16C3200440044 /* PhotoFrameTests */,
				6637CF2D26F16C3200440044 /* PhotoFrameUITests */,
				6637CF0A26F16C3000440044 /* Products */,
			);
			sourceTree = "<group>";
		};
		6637CF0A26F16C3000440044 /* Products */ = {
			isa = PBXGroup;
			children = (
				6637CF0926F16C3000440044 /* PhotoFrame.app */,
				6637CF1F26F16C3200440044 /* PhotoFrameTests.xctest */,
				6637CF2A26F16C3200440044 /* PhotoFrameUITests.xctest */,
			);
			name = Products;
			sourceTree = "<group>";
		};
		6637CF0B26F16C3000440044 /* PhotoFrame */ = {
			isa = PBXGroup;
			children = (
				6637CF0C26F16C3000440044 /* AppDelegate.swift */,
				6637CF0E26F16C3000440044 /* SceneDelegate.swift */,
				6637CF1026F16C3000440044 /* ViewController.swift */,
				6637CF1226F16C3000440044 /* Main.storyboard */,
				6637CF1526F16C3200440044 /* Assets.xcassets */,
				6637CF1726F16C3200440044 /* LaunchScreen.storyboard */,
				6637CF1A26F16C3200440044 /* Info.plist */,
			);
			path = PhotoFrame;
			sourceTree = "<group>";
		};
		6637CF2226F16C3200440044 /* PhotoFrameTests */ = {
			isa = PBXGroup;
			children = (
				6637CF2326F16C3200440044 /* PhotoFrameTests.swift */,
				6637CF2526F16C3200440044 /* Info.plist */,
			);
			path = PhotoFrameTests;
			sourceTree = "<group>";
		};
		6637CF2D26F16C3200440044 /* PhotoFrameUITests */ = {
			isa = PBXGroup;
			children = (
				6637CF2E26F16C3200440044 /* PhotoFrameUITests.swift */,
				6637CF3026F16C3200440044 /* Info.plist */,
			);
			path = PhotoFrameUITests;
			sourceTree = "<group>";
		};
/* End PBXGroup section */

/* Begin PBXNativeTarget section */
		6637CF0826F16C3000440044 /* PhotoFrame */ = {
			isa = PBXNativeTarget;
			buildConfigurationList = 6637CF3326F16C3200440044 /* Build configuration list for PBXNativeTarget "PhotoFrame" */;
			buildPhases = (
				6637CF0526F16C3000440044 /* Sources */,
				6637CF0626F16C3000440044 /* Frameworks */,
				6637CF0726F16C3000440044 /* Resources */,
			);
			buildRules = (
			);
			dependencies = (
			);
			name = PhotoFrame;
			productName = PhotoFrame;
			productReference = 6637CF0926F16C3000440044 /* PhotoFrame.app */;
			productType = "com.apple.product-type.application";
		};
		6637CF1E26F16C3200440044 /* PhotoFrameTests */ = {
			isa = PBXNativeTarget;
			buildConfigurationList = 6637CF3626F16C3200440044 /* Build configuration list for PBXNativeTarget "PhotoFrameTests" */;
			buildPhases = (
				6637CF1B26F16C3200440044 /* Sources */,
				6637CF1C26F16C3200440044 /* Frameworks */,
				6637CF1D26F16C3200440044 /* Resources */,
			);
			buildRules = (
			);
			dependencies = (
				6637CF2126F16C3200440044 /* PBXTargetDependency */,
			);
			name = PhotoFrameTests;
			productName = PhotoFrameTests;
			productReference = 6637CF1F26F16C3200440044 /* PhotoFrameTests.xctest */;
			productType = "com.apple.product-type.bundle.unit-test";
		};
		6637CF2926F16C3200440044 /* PhotoFrameUITests */ = {
			isa = PBXNativeTarget;
			buildConfigurationList = 6637CF3926F16C3200440044 /* Build configuration list for PBXNativeTarget "PhotoFrameUITests" */;
			buildPhases = (
				6637CF2626F16C3200440044 /* Sources */,
				6637CF2726F16C3200440044 /* Frameworks */,
				6637CF2826F16C3200440044 /* Resources */,
			);
			buildRules = (
			);
			dependencies = (
				6637CF2C26F16C3200440044 /* PBXTargetDependency */,
			);
			name = PhotoFrameUITests;
			productName = PhotoFrameUITests;
			productReference = 6637CF2A26F16C3200440044 /* PhotoFrameUITests.xctest */;
			productType = "com.apple.product-type.bundle.ui-testing";
		};
/* End PBXNativeTarget section */

/* Begin PBXProject section */
		6637CF0126F16C3000440044 /* Project object */ = {
			isa = PBXProject;
			attributes = {
				LastSwiftUpdateCheck = 1130;
				LastUpgradeCheck = 1130;
				ORGANIZATIONNAME = "Jonathan E. Hardis";
				TargetAttributes = {
					6637CF0826F16C3000440044 = {
						CreatedOnToolsVersion = 11.3.1;
					};
					6637CF1E26F16C3200440044 = {
						CreatedOnToolsVersion = 11.3.1;
						TestTargetID = 6637CF0826F16C3000440044;
					};
					6637CF2926F16C3200440044 = {
						CreatedOnToolsVersion = 11.3.1;
						TestTargetID = 6637CF0826F16C3000440044;
					};
				};
			};
			buildConfigurationList = 6637CF0426F16C3000440044 /* Build configuration list for PBXProject "PhotoFrame" */;
			compatibilityVersion = "Xcode 9.3";
			developmentRegion = en;
			hasScannedForEncodings = 0;
			knownRegions = (
				en,
				Base,
			);
			mainGroup = 6637CF0026F16C3000440044;
			productRefGroup = 6637CF0A26F16C3000440044 /* Products */;
			projectDirPath = "";
			projectRoot = "";
			targets = (
				6637CF0826F16C3000440044 /* PhotoFrame */,
				6637CF1E26F16C3200440044 /* PhotoFrameTests */,
				6637CF2926F16C3200440044 /* PhotoFrameUITests */,
			);
		};
/* End PBXProject section */

/* Begin PBXResourcesBuildPhase section */
		6637CF0726F16C3000440044 /* Resources */ = {
			isa = PBXResourcesBuildPhase;
			buildActionMask = 2147483647;
			files = (
				6637CF1926F16C3200440044 /* LaunchScreen.storyboard in Resources */,
				6637CF1626F16C3200440044 /* Assets.xcassets in Resources */,
				6637CF1426F16C3000440044 /* Main.storyboard in Resources */,
			);
			runOnlyForDeploymentPostprocessing = 0;
		};
		6637CF1D26F16C3200440044 /* Resources */ = {
			isa = PBXResourcesBuildPhase;
			buildActionMask = 2147483647;
			files = (
			);
			runOnlyForDeploymentPostprocessing = 0;
		};
		6637CF2826F16C3200440044 /* Resources */ = {
			isa = PBXResourcesBuildPhase;
			buildActionMask = 2147483647;
			files = (
			);
			runOnlyForDeploymentPostprocessing = 0;
		};
/* End PBXResourcesBuildPhase section */

/* Begin PBXSourcesBuildPhase section */
		6637CF0526F16C3000440044 /* Sources */ = {
			isa = PBXSourcesBuildPhase;
			buildActionMask = 2147483647;
			files = (
				6637CF1126F16C3000440044 /* ViewController.swift in Sources */,
				6637CF0D26F16C3000440044 /* AppDelegate.swift in Sources */,
				6637CF0F26F16C3000440044 /* SceneDelegate.swift in Sources */,
			);
			runOnlyForDeploymentPostprocessing = 0;
		};
		6637CF1B26F16C3200440044 /* Sources */ = {
			isa = PBXSourcesBuildPhase;
			buildActionMask = 2147483647;
			files = (
				6637CF2426F16C3200440044 /* PhotoFrameTests.swift in Sources */,
			);
			runOnlyForDeploymentPostprocessing = 0;
		};
		6637CF2626F16C3200440044 /* Sources */ = {
			isa = PBXSourcesBuildPhase;
			buildActionMask = 2147483647;
			files = (
				6637CF2F26F16C3200440044 /* PhotoFrameUITests.swift in Sources */,
			);
			runOnlyForDeploymentPostprocessing = 0;
		};
/* End PBXSourcesBuildPhase section */

/* Begin PBXTargetDependency section */
		6637CF2126F16C3200440044 /* PBXTargetDependency */ = {
			isa = PBXTargetDependency;
			target = 6637CF0826F16C3000440044 /* PhotoFrame */;
			targetProxy = 6637CF2026F16C3200440044 /* PBXContainerItemProxy */;
		};
		6637CF2C26F16C3200440044 /* PBXTargetDependency */ = {
			isa = PBXTargetDependency;
			target = 6637CF0826F16C3000440044 /* PhotoFrame */;
			targetProxy = 6637CF2B26F16C3200440044 /* PBXContainerItemProxy */;
		};
/* End PBXTargetDependency section */

/* Begin PBXVariantGroup section */
		6637CF1226F16C3000440044 /* Main.storyboard */ = {
			isa = PBXVariantGroup;
			children = (
				6637CF1326F16C3000440044 /* Base */,
			);
			name = Main.storyboard;
			sourceTree = "<group>";
		};
		6637CF1726F16C3200440044 /* LaunchScreen.storyboard */ = {
			isa = PBXVariantGroup;
			children = (
				6637CF1826F16C3200440044 /* Base */,
			);
			name = LaunchScreen.storyboard;
			sourceTree = "<group>";
		};
/* End PBXVariantGroup section */

/* Begin XCBuildConfiguration section */
		6637CF3126F16C3200440044 /* Debug */ = {
			isa = XCBuildConfiguration;
			buildSettings = {
				ALWAYS_SEARCH_USER_PATHS = NO;
				CLANG_ANALYZER_NONNULL = YES;
				CLANG_ANALYZER_NUMBER_OBJECT_CONVERSION = YES_AGGRESSIVE;
				CLANG_CXX_LANGUAGE_STANDARD = "gnu++14";
				CLANG_CXX_LIBRARY = "libc++";
				CLANG_ENABLE_MODULES = YES;
				CLANG_ENABLE_OBJC_ARC = YES;
				CLANG_ENABLE_OBJC_WEAK = YES;
				CLANG_WARN_BLOCK_CAPTURE_AUTORELEASING = YES;
				CLANG_WARN_BOOL_CONVERSION = YES;
				CLANG_WARN_COMMA = YES;
				CLANG_WARN_CONSTANT_CONVERSION = YES;
				CLANG_WARN_DEPRECATED_OBJC_IMPLEMENTATIONS = YES;
				CLANG_WARN_DIRECT_OBJC_ISA_USAGE = YES_ERROR;
				CLANG_WARN_DOCUMENTATION_COMMENTS = YES;
				CLANG_WARN_EMPTY_BODY = YES;
				CLANG_WARN_ENUM_CONVERSION = YES;
				CLANG_WARN_INFINITE_RECURSION = YES;
				CLANG_WARN_INT_CONVERSION = YES;
				CLANG_WARN_NON_LITERAL_NULL_CONVERSION = YES;
				CLANG_WARN_OBJC_IMPLICIT_RETAIN_SELF = YES;
				CLANG_WARN_OBJC_LITERAL_CONVERSION = YES;
				CLANG_WARN_OBJC_ROOT_CLASS = YES_ERROR;
				CLANG_WARN_RANGE_LOOP_ANALYSIS = YES;
				CLANG_WARN_STRICT_PROTOTYPES = YES;
				CLANG_WARN_SUSPICIOUS_MOVE = YES;
				CLANG_WARN_UNGUARDED_AVAILABILITY = YES_AGGRESSIVE;
				CLANG_WARN_UNREACHABLE_CODE = YES;
				CLANG_WARN__DUPLICATE_METHOD_MATCH = YES;
				COPY_PHASE_STRIP = NO;
				DEBUG_INFORMATION_FORMAT = dwarf;
				ENABLE_STRICT_OBJC_MSGSEND = YES;
				ENABLE_TESTABILITY = YES;
				GCC_C_LANGUAGE_STANDARD = gnu11;
				GCC_DYNAMIC_NO_PIC = NO;
				GCC_NO_COMMON_BLOCKS = YES;
				GCC_OPTIMIZATION_LEVEL = 0;
				GCC_PREPROCESSOR_DEFINITIONS = (
					"DEBUG=1",
					"$(inherited)",
				);
				GCC_WARN_64_TO_32_BIT_CONVERSION = YES;
				GCC_WARN_ABOUT_RETURN_TYPE = YES_ERROR;
				GCC_WARN_UNDECLARED_SELECTOR = YES;
				GCC_WARN_UNINITIALIZED_AUTOS = YES_AGGRESSIVE;
				GCC_WARN_UNUSED_FUNCTION = YES;
				GCC_WARN_UNUSED_VARIABLE = YES;
				IPHONEOS_DEPLOYMENT_TARGET = 13.2;
				MTL_ENABLE_DEBUG_INFO = INCLUDE_SOURCE;
				MTL_FAST_MATH = YES;
				ONLY_ACTIVE_ARCH = YES;
				SDKROOT = iphoneos;
				SWIFT_ACTIVE_COMPILATION_CONDITIONS = DEBUG;
				SWIFT_OPTIMIZATION_LEVEL = "-Onone";
			};
			name = Debug;
		};
		6637CF3226F16C3200440044 /* Release */ = {
			isa = XCBuildConfiguration;
			buildSettings = {
				ALWAYS_SEARCH_USER_PATHS = NO;
				CLANG_ANALYZER_NONNULL = YES;
				CLANG_ANALYZER_NUMBER_OBJECT_CONVERSION = YES_AGGRESSIVE;
				CLANG_CXX_LANGUAGE_STANDARD = "gnu++14";
				CLANG_CXX_LIBRARY = "libc++";
				CLANG_ENABLE_MODULES = YES;
				CLANG_ENABLE_OBJC_ARC = YES;
				CLANG_ENABLE_OBJC_WEAK = YES;
				CLANG_WARN_BLOCK_CAPTURE_AUTORELEASING = YES;
				CLANG_WARN_BOOL_CONVERSION = YES;
				CLANG_WARN_COMMA = YES;
				CLANG_WARN_CONSTANT_CONVERSION = YES;
				CLANG_WARN_DEPRECATED_OBJC_IMPLEMENTATIONS = YES;
				CLANG_WARN_DIRECT_OBJC_ISA_USAGE = YES_ERROR;
				CLANG_WARN_DOCUMENTATION_COMMENTS = YES;
				CLANG_WARN_EMPTY_BODY = YES;
				CLANG_WARN_ENUM_CONVERSION = YES;
				CLANG_WARN_INFINITE_RECURSION = YES;
				CLANG_WARN_INT_CONVERSION = YES;
				CLANG_WARN_NON_LITERAL_NULL_CONVERSION = YES;
				CLANG_WARN_OBJC_IMPLICIT_RETAIN_SELF = YES;
				CLANG_WARN_OBJC_LITERAL_CONVERSION = YES;
				CLANG_WARN_OBJC_ROOT_CLASS = YES_ERROR;
				CLANG_WARN_RANGE_LOOP_ANALYSIS = YES;
				CLANG_WARN_STRICT_PROTOTYPES = YES;
				CLANG_WARN_SUSPICIOUS_MOVE = YES;
				CLANG_WARN_UNGUARDED_AVAILABILITY = YES_AGGRESSIVE;
				CLANG_WARN_UNREACHABLE_CODE = YES;
				CLANG_WARN__DUPLICATE_METHOD_MATCH = YES;
				COPY_PHASE_STRIP = NO;
				DEBUG_INFORMATION_FORMAT = "dwarf-with-dsym";
				ENABLE_NS_ASSERTIONS = NO;
				ENABLE_STRICT_OBJC_MSGSEND = YES;
				GCC_C_LANGUAGE_STANDARD = gnu11;
				GCC_NO_COMMON_BLOCKS = YES;
				GCC_WARN_64_TO_32_BIT_CONVERSION = YES;
				GCC_WARN_ABOUT_RETURN_TYPE = YES_ERROR;
				GCC_WARN_UNDECLARED_SELECTOR = YES;
				GCC_WARN_UNINITIALIZED_AUTOS = YES_AGGRESSIVE;
				GCC_WARN_UNUSED_FUNCTION = YES;
				GCC_WARN_UNUSED_VARIABLE = YES;
				IPHONEOS_DEPLOYMENT_TARGET = 13.2;
				MTL_ENABLE_DEBUG_INFO = NO;
				MTL_FAST_MATH = YES;
				SDKROOT = iphoneos;
				SWIFT_COMPILATION_MODE = wholemodule;
				SWIFT_OPTIMIZATION_LEVEL = "-O";
				VALIDATE_PRODUCT = YES;
			};
			name = Release;
		};
		6637CF3426F16C3200440044 /* Debug */ = {
			isa = XCBuildConfiguration;
			buildSettings = {
				ASSETCATALOG_COMPILER_APPICON_NAME = AppIcon;
				CODE_SIGN_STYLE = Automatic;
				DEVELOPMENT_TEAM = 5Z5XB8S5H9;
				INFOPLIST_FILE = PhotoFrame/Info.plist;
				LD_RUNPATH_SEARCH_PATHS = (
					"$(inherited)",
					"@executable_path/Frameworks",
				);
				PRODUCT_BUNDLE_IDENTIFIER = com.example.PhotoFrame;
				PRODUCT_NAME = "$(TARGET_NAME)";
				SWIFT_VERSION = 5.0;
				TARGETED_DEVICE_FAMILY = "1,2";
			};
			name = Debug;
		};
		6637CF3526F16C3200440044 /* Release */ = {
			isa = XCBuildConfiguration;
			buildSettings = {
				ASSETCATALOG_COMPILER_APPICON_NAME = AppIcon;
				CODE_SIGN_STYLE = Automatic;
				DEVELOPMENT_TEAM = 5Z5XB8S5H9;
				INFOPLIST_FILE = PhotoFrame/Info.plist;
				LD_RUNPATH_SEARCH_PATHS = (
					"$(inherited)",
					"@executable_path/Frameworks",
				);
				PRODUCT_BUNDLE_IDENTIFIER = com.example.PhotoFrame;
				PRODUCT_NAME = "$(TARGET_NAME)";
				SWIFT_VERSION = 5.0;
				TARGETED_DEVICE_FAMILY = "1,2";
			};
			name = Release;
		};
		6637CF3726F16C3200440044 /* Debug */ = {
			isa = XCBuildConfiguration;
			buildSettings = {
				ALWAYS_EMBED_SWIFT_STANDARD_LIBRARIES = YES;
				BUNDLE_LOADER = "$(TEST_HOST)";
				CODE_SIGN_STYLE = Automatic;
				DEVELOPMENT_TEAM = 5Z5XB8S5H9;
				INFOPLIST_FILE = PhotoFrameTests/Info.plist;
				IPHONEOS_DEPLOYMENT_TARGET = 13.2;
				LD_RUNPATH_SEARCH_PATHS = (
					"$(inherited)",
					"@executable_path/Frameworks",
					"@loader_path/Frameworks",
				);
				PRODUCT_BUNDLE_IDENTIFIER = com.example.PhotoFrameTests;
				PRODUCT_NAME = "$(TARGET_NAME)";
				SWIFT_VERSION = 5.0;
				TARGETED_DEVICE_FAMILY = "1,2";
				TEST_HOST = "$(BUILT_PRODUCTS_DIR)/PhotoFrame.app/PhotoFrame";
			};
			name = Debug;
		};
		6637CF3826F16C3200440044 /* Release */ = {
			isa = XCBuildConfiguration;
			buildSettings = {
				ALWAYS_EMBED_SWIFT_STANDARD_LIBRARIES = YES;
				BUNDLE_LOADER = "$(TEST_HOST)";
				CODE_SIGN_STYLE = Automatic;
				DEVELOPMENT_TEAM = 5Z5XB8S5H9;
				INFOPLIST_FILE = PhotoFrameTests/Info.plist;
				IPHONEOS_DEPLOYMENT_TARGET = 13.2;
				LD_RUNPATH_SEARCH_PATHS = (
					"$(inherited)",
					"@executable_path/Frameworks",
					"@loader_path/Frameworks",
				);
				PRODUCT_BUNDLE_IDENTIFIER = com.example.PhotoFrameTests;
				PRODUCT_NAME = "$(TARGET_NAME)";
				SWIFT_VERSION = 5.0;
				TARGETED_DEVICE_FAMILY = "1,2";
				TEST_HOST = "$(BUILT_PRODUCTS_DIR)/PhotoFrame.app/PhotoFrame";
			};
			name = Release;
		};
		6637CF3A26F16C3200440044 /* Debug */ = {
			isa = XCBuildConfiguration;
			buildSettings = {
				ALWAYS_EMBED_SWIFT_STANDARD_LIBRARIES = YES;
				CODE_SIGN_STYLE = Automatic;
				DEVELOPMENT_TEAM = 5Z5XB8S5H9;
				INFOPLIST_FILE = PhotoFrameUITests/Info.plist;
				LD_RUNPATH_SEARCH_PATHS = (
					"$(inherited)",
					"@executable_path/Frameworks",
					"@loader_path/Frameworks",
				);
				PRODUCT_BUNDLE_IDENTIFIER = com.example.PhotoFrameUITests;
				PRODUCT_NAME = "$(TARGET_NAME)";
				SWIFT_VERSION = 5.0;
				TARGETED_DEVICE_FAMILY = "1,2";
				TEST_TARGET_NAME = PhotoFrame;
			};
			name = Debug;
		};
		6637CF3B26F16C3200440044 /* Release */ = {
			isa = XCBuildConfiguration;
			buildSettings = {
				ALWAYS_EMBED_SWIFT_STANDARD_LIBRARIES = YES;
				CODE_SIGN_STYLE = Automatic;
				DEVELOPMENT_TEAM = 5Z5XB8S5H9;
				INFOPLIST_FILE = PhotoFrameUITests/Info.plist;
				LD_RUNPATH_SEARCH_PATHS = (
					"$(inherited)",
					"@executable_path/Frameworks",
					"@loader_path/Frameworks",
				);
				PRODUCT_BUNDLE_IDENTIFIER = com.example.PhotoFrameUITests;
				PRODUCT_NAME = "$(TARGET_NAME)";
				SWIFT_VERSION = 5.0;
				TARGETED_DEVICE_FAMILY = "1,2";
				TEST_TARGET_NAME = PhotoFrame;
			};
			name = Release;
		};
/* End XCBuildConfiguration section */

/* Begin XCConfigurationList section */
		6637CF0426F16C3000440044 /* Build configuration list for PBXProject "PhotoFrame" */ = {
			isa = XCConfigurationList;
			buildConfigurations = (
				6637CF3126F16C3200440044 /* Debug */,
				6637CF3226F16C3200440044 /* Release */,
			);
			defaultConfigurationIsVisible = 0;
			defaultConfigurationName = Release;
		};
		6637CF3326F16C3200440044 /* Build configuration list for PBXNativeTarget "PhotoFrame" */ = {
			isa = XCConfigurationList;
			buildConfigurations = (
				6637CF3426F16C3200440044 /* Debug */,
				6637CF3526F16C3200440044 /* Release */,
			);
			defaultConfigurationIsVisible = 0;
			defaultConfigurationName = Release;
		};
		6637CF3626F16C3200440044 /* Build configuration list for PBXNativeTarget "PhotoFrameTests" */ = {
			isa = XCConfigurationList;
			buildConfigurations = (
				6637CF3726F16C3200440044 /* Debug */,
				6637CF3826F16C3200440044 /* Release */,
			);
			defaultConfigurationIsVisible = 0;
			defaultConfigurationName = Release;
		};
		6637CF3926F16C3200440044 /* Build configuration list for PBXNativeTarget "PhotoFrameUITests" */ = {
			isa = XCConfigurationList;
			buildConfigurations = (
				6637CF3A26F16C3200440044 /* Debug */,
				6637CF3B26F16C3200440044 /* Release */,
			);
			defaultConfigurationIsVisible = 0;
			defaultConfigurationName = Release;
		};
/* End XCConfigurationList section */
	};
	rootObject = 6637CF0126F16C3000440044 /* Project object */;
}
